
Microsoft Visual Studio Solution File, Format Version 12.00
# Visual Studio Version 16
VisualStudioVersion = 16.0.30011.22
MinimumVisualStudioVersion = 10.0.40219.1
Project("{FAE04EC0-301F-11D3-BF4B-00C04F79EFBC}") = "eShopSolutions.WebApp", "eShopSolutions.WebApp\eShopSolutions.WebApp.csproj", "{779CB6A8-7CED-40B0-A3F7-5C9DDF2B9A08}"
EndProject
Global
	GlobalSection(SolutionConfigurationPlatforms) = preSolution
		Debug|Any CPU = Debug|Any CPU
		Release|Any CPU = Release|Any CPU
	EndGlobalSection
	GlobalSection(ProjectConfigurationPlatforms) = postSolution
		{779CB6A8-7CED-40B0-A3F7-5C9DDF2B9A08}.Debug|Any CPU.ActiveCfg = Debug|Any CPU
		{779CB6A8-7CED-40B0-A3F7-5C9DDF2B9A08}.Debug|Any CPU.Build.0 = Debug|Any CPU
		{779CB6A8-7CED-40B0-A3F7-5C9DDF2B9A08}.Release|Any CPU.ActiveCfg = Release|Any CPU
		{779CB6A8-7CED-40B0-A3F7-5C9DDF2B9A08}.Release|Any CPU.Build.0 = Release|Any CPU
	EndGlobalSection
	GlobalSection(SolutionProperties) = preSolution
		HideSolutionNode = FALSE
	EndGlobalSection
	GlobalSection(ExtensibilityGlobals) = postSolution
		SolutionGuid = {36EF4FF7-3C24-468E-BC96-5846416AEFF9}
	EndGlobalSection
EndGlobal
